// !$*UTF8*$!
{
	archiveVersion = 1;
	classes = {
	};
	objectVersion = 56;
	objects = {

/* Begin PBXBuildFile section */
		99139BDE292F1C6D001CC81F /* VetCollectionViewController.swift in Sources */ = {isa = PBXBuildFile; fileRef = 99139BD5292F1C6D001CC81F /* VetCollectionViewController.swift */; };
		99139BDF292F1C6D001CC81F /* VetView.swift in Sources */ = {isa = PBXBuildFile; fileRef = 99139BD6292F1C6D001CC81F /* VetView.swift */; };
		99139BE0292F1C6D001CC81F /* VetCell.swift in Sources */ = {isa = PBXBuildFile; fileRef = 99139BD7292F1C6D001CC81F /* VetCell.swift */; };
		99139BE1292F1C6D001CC81F /* VetDetailsView.swift in Sources */ = {isa = PBXBuildFile; fileRef = 99139BD9292F1C6D001CC81F /* VetDetailsView.swift */; };
		99139BE2292F1C6D001CC81F /* VetDetailsViewController.swift in Sources */ = {isa = PBXBuildFile; fileRef = 99139BDA292F1C6D001CC81F /* VetDetailsViewController.swift */; };
		99139BE3292F1C6D001CC81F /* Veterinarian.swift in Sources */ = {isa = PBXBuildFile; fileRef = 99139BDC292F1C6D001CC81F /* Veterinarian.swift */; };
		99139BE4292F1C6D001CC81F /* VetData.swift in Sources */ = {isa = PBXBuildFile; fileRef = 99139BDD292F1C6D001CC81F /* VetData.swift */; };
		99382BE1292F115700D9C99E /* AppDelegate.swift in Sources */ = {isa = PBXBuildFile; fileRef = 99382BE0292F115700D9C99E /* AppDelegate.swift */; };
		99382BE3292F115700D9C99E /* SceneDelegate.swift in Sources */ = {isa = PBXBuildFile; fileRef = 99382BE2292F115700D9C99E /* SceneDelegate.swift */; };
		99382BE8292F115700D9C99E /* Main.storyboard in Resources */ = {isa = PBXBuildFile; fileRef = 99382BE6292F115700D9C99E /* Main.storyboard */; };
		99382BEA292F115800D9C99E /* Assets.xcassets in Resources */ = {isa = PBXBuildFile; fileRef = 99382BE9292F115800D9C99E /* Assets.xcassets */; };
		99382BED292F115800D9C99E /* LaunchScreen.storyboard in Resources */ = {isa = PBXBuildFile; fileRef = 99382BEB292F115800D9C99E /* LaunchScreen.storyboard */; };
		99382BFC292F11A800D9C99E /* PetShops.swift in Sources */ = {isa = PBXBuildFile; fileRef = 99382BF4292F11A800D9C99E /* PetShops.swift */; };
		99382BFD292F11A800D9C99E /* TabBarViewController.swift in Sources */ = {isa = PBXBuildFile; fileRef = 99382BF5292F11A800D9C99E /* TabBarViewController.swift */; };
		99382BFE292F11A800D9C99E /* PetShopCell.swift in Sources */ = {isa = PBXBuildFile; fileRef = 99382BF6292F11A800D9C99E /* PetShopCell.swift */; };
		99382BFF292F11A800D9C99E /* PetShopData.swift in Sources */ = {isa = PBXBuildFile; fileRef = 99382BF7292F11A800D9C99E /* PetShopData.swift */; };
		99382C00292F11A800D9C99E /* PetShopView.swift in Sources */ = {isa = PBXBuildFile; fileRef = 99382BF8292F11A800D9C99E /* PetShopView.swift */; };
		99382C01292F11A800D9C99E /* PetShopsCollectionViewController.swift in Sources */ = {isa = PBXBuildFile; fileRef = 99382BF9292F11A800D9C99E /* PetShopsCollectionViewController.swift */; };
		99382C02292F11A800D9C99E /* PetShopDetailsView.swift in Sources */ = {isa = PBXBuildFile; fileRef = 99382BFA292F11A800D9C99E /* PetShopDetailsView.swift */; };
		99382C03292F11A800D9C99E /* PetShopDetailsViewController.swift in Sources */ = {isa = PBXBuildFile; fileRef = 99382BFB292F11A800D9C99E /* PetShopDetailsViewController.swift */; };
		99416BBF293103CC000155F1 /* ProductCollectionViewController.swift in Sources */ = {isa = PBXBuildFile; fileRef = 99416BBC293103CC000155F1 /* ProductCollectionViewController.swift */; };
		99416BC0293103CC000155F1 /* ProductCell.swift in Sources */ = {isa = PBXBuildFile; fileRef = 99416BBD293103CC000155F1 /* ProductCell.swift */; };
		99416BC1293103CC000155F1 /* ProductView.swift in Sources */ = {isa = PBXBuildFile; fileRef = 99416BBE293103CC000155F1 /* ProductView.swift */; };
/* End PBXBuildFile section */

/* Begin PBXFileReference section */
		99139BD5292F1C6D001CC81F /* VetCollectionViewController.swift */ = {isa = PBXFileReference; fileEncoding = 4; lastKnownFileType = sourcecode.swift; path = VetCollectionViewController.swift; sourceTree = "<group>"; };
		99139BD6292F1C6D001CC81F /* VetView.swift */ = {isa = PBXFileReference; fileEncoding = 4; lastKnownFileType = sourcecode.swift; path = VetView.swift; sourceTree = "<group>"; };
		99139BD7292F1C6D001CC81F /* VetCell.swift */ = {isa = PBXFileReference; fileEncoding = 4; lastKnownFileType = sourcecode.swift; path = VetCell.swift; sourceTree = "<group>"; };
		99139BD9292F1C6D001CC81F /* VetDetailsView.swift */ = {isa = PBXFileReference; fileEncoding = 4; lastKnownFileType = sourcecode.swift; path = VetDetailsView.swift; sourceTree = "<group>"; };
		99139BDA292F1C6D001CC81F /* VetDetailsViewController.swift */ = {isa = PBXFileReference; fileEncoding = 4; lastKnownFileType = sourcecode.swift; path = VetDetailsViewController.swift; sourceTree = "<group>"; };
		99139BDC292F1C6D001CC81F /* Veterinarian.swift */ = {isa = PBXFileReference; fileEncoding = 4; lastKnownFileType = sourcecode.swift; path = Veterinarian.swift; sourceTree = "<group>"; };
		99139BDD292F1C6D001CC81F /* VetData.swift */ = {isa = PBXFileReference; fileEncoding = 4; lastKnownFileType = sourcecode.swift; path = VetData.swift; sourceTree = "<group>"; };
		99382BDD292F115700D9C99E /* Pet.app */ = {isa = PBXFileReference; explicitFileType = wrapper.application; includeInIndex = 0; path = Pet.app; sourceTree = BUILT_PRODUCTS_DIR; };
		99382BE0292F115700D9C99E /* AppDelegate.swift */ = {isa = PBXFileReference; lastKnownFileType = sourcecode.swift; path = AppDelegate.swift; sourceTree = "<group>"; };
		99382BE2292F115700D9C99E /* SceneDelegate.swift */ = {isa = PBXFileReference; lastKnownFileType = sourcecode.swift; path = SceneDelegate.swift; sourceTree = "<group>"; };
		99382BE7292F115700D9C99E /* Base */ = {isa = PBXFileReference; lastKnownFileType = file.storyboard; name = Base; path = Base.lproj/Main.storyboard; sourceTree = "<group>"; };
		99382BE9292F115800D9C99E /* Assets.xcassets */ = {isa = PBXFileReference; lastKnownFileType = folder.assetcatalog; path = Assets.xcassets; sourceTree = "<group>"; };
		99382BEC292F115800D9C99E /* Base */ = {isa = PBXFileReference; lastKnownFileType = file.storyboard; name = Base; path = Base.lproj/LaunchScreen.storyboard; sourceTree = "<group>"; };
		99382BEE292F115800D9C99E /* Info.plist */ = {isa = PBXFileReference; lastKnownFileType = text.plist.xml; path = Info.plist; sourceTree = "<group>"; };
		99382BF4292F11A800D9C99E /* PetShops.swift */ = {isa = PBXFileReference; fileEncoding = 4; lastKnownFileType = sourcecode.swift; path = PetShops.swift; sourceTree = "<group>"; };
		99382BF5292F11A800D9C99E /* TabBarViewController.swift */ = {isa = PBXFileReference; fileEncoding = 4; lastKnownFileType = sourcecode.swift; path = TabBarViewController.swift; sourceTree = "<group>"; };
		99382BF6292F11A800D9C99E /* PetShopCell.swift */ = {isa = PBXFileReference; fileEncoding = 4; lastKnownFileType = sourcecode.swift; path = PetShopCell.swift; sourceTree = "<group>"; };
		99382BF7292F11A800D9C99E /* PetShopData.swift */ = {isa = PBXFileReference; fileEncoding = 4; lastKnownFileType = sourcecode.swift; path = PetShopData.swift; sourceTree = "<group>"; };
		99382BF8292F11A800D9C99E /* PetShopView.swift */ = {isa = PBXFileReference; fileEncoding = 4; lastKnownFileType = sourcecode.swift; path = PetShopView.swift; sourceTree = "<group>"; };
		99382BF9292F11A800D9C99E /* PetShopsCollectionViewController.swift */ = {isa = PBXFileReference; fileEncoding = 4; lastKnownFileType = sourcecode.swift; path = PetShopsCollectionViewController.swift; sourceTree = "<group>"; };
		99382BFA292F11A800D9C99E /* PetShopDetailsView.swift */ = {isa = PBXFileReference; fileEncoding = 4; lastKnownFileType = sourcecode.swift; path = PetShopDetailsView.swift; sourceTree = "<group>"; };
		99382BFB292F11A800D9C99E /* PetShopDetailsViewController.swift */ = {isa = PBXFileReference; fileEncoding = 4; lastKnownFileType = sourcecode.swift; path = PetShopDetailsViewController.swift; sourceTree = "<group>"; };
		99416BBC293103CC000155F1 /* ProductCollectionViewController.swift */ = {isa = PBXFileReference; fileEncoding = 4; lastKnownFileType = sourcecode.swift; path = ProductCollectionViewController.swift; sourceTree = "<group>"; };
		99416BBD293103CC000155F1 /* ProductCell.swift */ = {isa = PBXFileReference; fileEncoding = 4; lastKnownFileType = sourcecode.swift; path = ProductCell.swift; sourceTree = "<group>"; };
		99416BBE293103CC000155F1 /* ProductView.swift */ = {isa = PBXFileReference; fileEncoding = 4; lastKnownFileType = sourcecode.swift; path = ProductView.swift; sourceTree = "<group>"; };
/* End PBXFileReference section */

/* Begin PBXFrameworksBuildPhase section */
		99382BDA292F115700D9C99E /* Frameworks */ = {
			isa = PBXFrameworksBuildPhase;
			buildActionMask = 2147483647;
			files = (
			);
			runOnlyForDeploymentPostprocessing = 0;
		};
/* End PBXFrameworksBuildPhase section */

/* Begin PBXGroup section */
		99139BCF292F1BCC001CC81F /* PetShops */ = {
			isa = PBXGroup;
			children = (
				99416BBA29310378000155F1 /* Products */,
				99139BD2292F1C1F001CC81F /* Controller */,
				99139BD1292F1C05001CC81F /* Collection */,
				99139BD0292F1BE4001CC81F /* Model */,
			);
			path = PetShops;
			sourceTree = "<group>";
		};
		99139BD0292F1BE4001CC81F /* Model */ = {
			isa = PBXGroup;
			children = (
				99382BF4292F11A800D9C99E /* PetShops.swift */,
				99382BF7292F11A800D9C99E /* PetShopData.swift */,
			);
			path = Model;
			sourceTree = "<group>";
		};
		99139BD1292F1C05001CC81F /* Collection */ = {
			isa = PBXGroup;
			children = (
				99382BF8292F11A800D9C99E /* PetShopView.swift */,
				99382BF9292F11A800D9C99E /* PetShopsCollectionViewController.swift */,
				99382BF6292F11A800D9C99E /* PetShopCell.swift */,
			);
			path = Collection;
			sourceTree = "<group>";
		};
		99139BD2292F1C1F001CC81F /* Controller */ = {
			isa = PBXGroup;
			children = (
				99382BFA292F11A800D9C99E /* PetShopDetailsView.swift */,
				99382BFB292F11A800D9C99E /* PetShopDetailsViewController.swift */,
			);
			path = Controller;
			sourceTree = "<group>";
		};
		99139BD3292F1C6D001CC81F /* Veterinarian */ = {
			isa = PBXGroup;
			children = (
				99139BD4292F1C6D001CC81F /* Collection */,
				99139BD8292F1C6D001CC81F /* Controller */,
				99139BDB292F1C6D001CC81F /* Model */,
			);
			name = Veterinarian;
			path = Pet/Veterinarian;
			sourceTree = SOURCE_ROOT;
		};
		99139BD4292F1C6D001CC81F /* Collection */ = {
			isa = PBXGroup;
			children = (
				99139BD5292F1C6D001CC81F /* VetCollectionViewController.swift */,
				99139BD6292F1C6D001CC81F /* VetView.swift */,
				99139BD7292F1C6D001CC81F /* VetCell.swift */,
			);
			path = Collection;
			sourceTree = "<group>";
		};
		99139BD8292F1C6D001CC81F /* Controller */ = {
			isa = PBXGroup;
			children = (
				99139BD9292F1C6D001CC81F /* VetDetailsView.swift */,
				99139BDA292F1C6D001CC81F /* VetDetailsViewController.swift */,
			);
			path = Controller;
			sourceTree = "<group>";
		};
		99139BDB292F1C6D001CC81F /* Model */ = {
			isa = PBXGroup;
			children = (
				99139BDC292F1C6D001CC81F /* Veterinarian.swift */,
				99139BDD292F1C6D001CC81F /* VetData.swift */,
			);
			path = Model;
			sourceTree = "<group>";
		};
		99382BD4292F115700D9C99E = {
			isa = PBXGroup;
			children = (
				99382BDF292F115700D9C99E /* Pet */,
				99382BDE292F115700D9C99E /* Products */,
			);
			sourceTree = "<group>";
		};
		99382BDE292F115700D9C99E /* Products */ = {
			isa = PBXGroup;
			children = (
				99382BDD292F115700D9C99E /* Pet.app */,
			);
			name = Products;
			sourceTree = "<group>";
		};
		99382BDF292F115700D9C99E /* Pet */ = {
			isa = PBXGroup;
			children = (
				99382BE0292F115700D9C99E /* AppDelegate.swift */,
				99382BE2292F115700D9C99E /* SceneDelegate.swift */,
				99382BF5292F11A800D9C99E /* TabBarViewController.swift */,
				99382BE6292F115700D9C99E /* Main.storyboard */,
				99382BE9292F115800D9C99E /* Assets.xcassets */,
				99382BEB292F115800D9C99E /* LaunchScreen.storyboard */,
				99382BEE292F115800D9C99E /* Info.plist */,
				99416BBB2931038F000155F1 /* Products */,
				99139BD3292F1C6D001CC81F /* Veterinarian */,
				99139BCF292F1BCC001CC81F /* PetShops */,
			);
			path = Pet;
			sourceTree = "<group>";
		};
		99416BBA29310378000155F1 /* Products */ = {
			isa = PBXGroup;
			children = (
			);
			path = Products;
			sourceTree = "<group>";
		};
		99416BBB2931038F000155F1 /* Products */ = {
			isa = PBXGroup;
			children = (
				99416BBD293103CC000155F1 /* ProductCell.swift */,
				99416BBC293103CC000155F1 /* ProductCollectionViewController.swift */,
				99416BBE293103CC000155F1 /* ProductView.swift */,
			);
			path = Products;
			sourceTree = "<group>";
		};
/* End PBXGroup section */

/* Begin PBXNativeTarget section */
		99382BDC292F115700D9C99E /* Pet */ = {
			isa = PBXNativeTarget;
			buildConfigurationList = 99382BF1292F115800D9C99E /* Build configuration list for PBXNativeTarget "Pet" */;
			buildPhases = (
				99382BD9292F115700D9C99E /* Sources */,
				99382BDA292F115700D9C99E /* Frameworks */,
				99382BDB292F115700D9C99E /* Resources */,
			);
			buildRules = (
			);
			dependencies = (
			);
			name = Pet;
			productName = Pet;
			productReference = 99382BDD292F115700D9C99E /* Pet.app */;
			productType = "com.apple.product-type.application";
		};
/* End PBXNativeTarget section */

/* Begin PBXProject section */
		99382BD5292F115700D9C99E /* Project object */ = {
			isa = PBXProject;
			attributes = {
				BuildIndependentTargetsInParallel = 1;
				LastSwiftUpdateCheck = 1400;
				LastUpgradeCheck = 1400;
				TargetAttributes = {
					99382BDC292F115700D9C99E = {
						CreatedOnToolsVersion = 14.0.1;
					};
				};
			};
			buildConfigurationList = 99382BD8292F115700D9C99E /* Build configuration list for PBXProject "Pet" */;
			compatibilityVersion = "Xcode 14.0";
			developmentRegion = en;
			hasScannedForEncodings = 0;
			knownRegions = (
				en,
				Base,
			);
			mainGroup = 99382BD4292F115700D9C99E;
			productRefGroup = 99382BDE292F115700D9C99E /* Products */;
			projectDirPath = "";
			projectRoot = "";
			targets = (
				99382BDC292F115700D9C99E /* Pet */,
			);
		};
/* End PBXProject section */

/* Begin PBXResourcesBuildPhase section */
		99382BDB292F115700D9C99E /* Resources */ = {
			isa = PBXResourcesBuildPhase;
			buildActionMask = 2147483647;
			files = (
				99382BED292F115800D9C99E /* LaunchScreen.storyboard in Resources */,
				99382BEA292F115800D9C99E /* Assets.xcassets in Resources */,
				99382BE8292F115700D9C99E /* Main.storyboard in Resources */,
			);
			runOnlyForDeploymentPostprocessing = 0;
		};
/* End PBXResourcesBuildPhase section */

/* Begin PBXSourcesBuildPhase section */
		99382BD9292F115700D9C99E /* Sources */ = {
			isa = PBXSourcesBuildPhase;
			buildActionMask = 2147483647;
			files = (
				99139BDE292F1C6D001CC81F /* VetCollectionViewController.swift in Sources */,
				99382C01292F11A800D9C99E /* PetShopsCollectionViewController.swift in Sources */,
				99139BE4292F1C6D001CC81F /* VetData.swift in Sources */,
				99416BC0293103CC000155F1 /* ProductCell.swift in Sources */,
				99382BFE292F11A800D9C99E /* PetShopCell.swift in Sources */,
				99416BBF293103CC000155F1 /* ProductCollectionViewController.swift in Sources */,
				99416BC1293103CC000155F1 /* ProductView.swift in Sources */,
				99382BE1292F115700D9C99E /* AppDelegate.swift in Sources */,
				99382BFC292F11A800D9C99E /* PetShops.swift in Sources */,
				99382BFD292F11A800D9C99E /* TabBarViewController.swift in Sources */,
				99382C00292F11A800D9C99E /* PetShopView.swift in Sources */,
				99139BE0292F1C6D001CC81F /* VetCell.swift in Sources */,
				99382BFF292F11A800D9C99E /* PetShopData.swift in Sources */,
				99382C02292F11A800D9C99E /* PetShopDetailsView.swift in Sources */,
				99382BE3292F115700D9C99E /* SceneDelegate.swift in Sources */,
				99139BE2292F1C6D001CC81F /* VetDetailsViewController.swift in Sources */,
				99139BE1292F1C6D001CC81F /* VetDetailsView.swift in Sources */,
				99139BDF292F1C6D001CC81F /* VetView.swift in Sources */,
				99382C03292F11A800D9C99E /* PetShopDetailsViewController.swift in Sources */,
				99139BE3292F1C6D001CC81F /* Veterinarian.swift in Sources */,
			);
			runOnlyForDeploymentPostprocessing = 0;
		};
/* End PBXSourcesBuildPhase section */

/* Begin PBXVariantGroup section */
		99382BE6292F115700D9C99E /* Main.storyboard */ = {
			isa = PBXVariantGroup;
			children = (
				99382BE7292F115700D9C99E /* Base */,
			);
			name = Main.storyboard;
			sourceTree = "<group>";
		};
		99382BEB292F115800D9C99E /* LaunchScreen.storyboard */ = {
			isa = PBXVariantGroup;
			children = (
				99382BEC292F115800D9C99E /* Base */,
			);
			name = LaunchScreen.storyboard;
			sourceTree = "<group>";
		};
/* End PBXVariantGroup section */

/* Begin XCBuildConfiguration section */
		99382BEF292F115800D9C99E /* Debug */ = {
			isa = XCBuildConfiguration;
			buildSettings = {
				ALWAYS_SEARCH_USER_PATHS = NO;
				CLANG_ANALYZER_NONNULL = YES;
				CLANG_ANALYZER_NUMBER_OBJECT_CONVERSION = YES_AGGRESSIVE;
				CLANG_CXX_LANGUAGE_STANDARD = "gnu++20";
				CLANG_ENABLE_MODULES = YES;
				CLANG_ENABLE_OBJC_ARC = YES;
				CLANG_ENABLE_OBJC_WEAK = YES;
				CLANG_WARN_BLOCK_CAPTURE_AUTORELEASING = YES;
				CLANG_WARN_BOOL_CONVERSION = YES;
				CLANG_WARN_COMMA = YES;
				CLANG_WARN_CONSTANT_CONVERSION = YES;
				CLANG_WARN_DEPRECATED_OBJC_IMPLEMENTATIONS = YES;
				CLANG_WARN_DIRECT_OBJC_ISA_USAGE = YES_ERROR;
				CLANG_WARN_DOCUMENTATION_COMMENTS = YES;
				CLANG_WARN_EMPTY_BODY = YES;
				CLANG_WARN_ENUM_CONVERSION = YES;
				CLANG_WARN_INFINITE_RECURSION = YES;
				CLANG_WARN_INT_CONVERSION = YES;
				CLANG_WARN_NON_LITERAL_NULL_CONVERSION = YES;
				CLANG_WARN_OBJC_IMPLICIT_RETAIN_SELF = YES;
				CLANG_WARN_OBJC_LITERAL_CONVERSION = YES;
				CLANG_WARN_OBJC_ROOT_CLASS = YES_ERROR;
				CLANG_WARN_QUOTED_INCLUDE_IN_FRAMEWORK_HEADER = YES;
				CLANG_WARN_RANGE_LOOP_ANALYSIS = YES;
				CLANG_WARN_STRICT_PROTOTYPES = YES;
				CLANG_WARN_SUSPICIOUS_MOVE = YES;
				CLANG_WARN_UNGUARDED_AVAILABILITY = YES_AGGRESSIVE;
				CLANG_WARN_UNREACHABLE_CODE = YES;
				CLANG_WARN__DUPLICATE_METHOD_MATCH = YES;
				COPY_PHASE_STRIP = NO;
				DEBUG_INFORMATION_FORMAT = dwarf;
				ENABLE_STRICT_OBJC_MSGSEND = YES;
				ENABLE_TESTABILITY = YES;
				GCC_C_LANGUAGE_STANDARD = gnu11;
				GCC_DYNAMIC_NO_PIC = NO;
				GCC_NO_COMMON_BLOCKS = YES;
				GCC_OPTIMIZATION_LEVEL = 0;
				GCC_PREPROCESSOR_DEFINITIONS = (
					"DEBUG=1",
					"$(inherited)",
				);
				GCC_WARN_64_TO_32_BIT_CONVERSION = YES;
				GCC_WARN_ABOUT_RETURN_TYPE = YES_ERROR;
				GCC_WARN_UNDECLARED_SELECTOR = YES;
				GCC_WARN_UNINITIALIZED_AUTOS = YES_AGGRESSIVE;
				GCC_WARN_UNUSED_FUNCTION = YES;
				GCC_WARN_UNUSED_VARIABLE = YES;
				IPHONEOS_DEPLOYMENT_TARGET = 16.0;
				MTL_ENABLE_DEBUG_INFO = INCLUDE_SOURCE;
				MTL_FAST_MATH = YES;
				ONLY_ACTIVE_ARCH = YES;
				SDKROOT = iphoneos;
				SWIFT_ACTIVE_COMPILATION_CONDITIONS = DEBUG;
				SWIFT_OPTIMIZATION_LEVEL = "-Onone";
			};
			name = Debug;
		};
		99382BF0292F115800D9C99E /* Release */ = {
			isa = XCBuildConfiguration;
			buildSettings = {
				ALWAYS_SEARCH_USER_PATHS = NO;
				CLANG_ANALYZER_NONNULL = YES;
				CLANG_ANALYZER_NUMBER_OBJECT_CONVERSION = YES_AGGRESSIVE;
				CLANG_CXX_LANGUAGE_STANDARD = "gnu++20";
				CLANG_ENABLE_MODULES = YES;
				CLANG_ENABLE_OBJC_ARC = YES;
				CLANG_ENABLE_OBJC_WEAK = YES;
				CLANG_WARN_BLOCK_CAPTURE_AUTORELEASING = YES;
				CLANG_WARN_BOOL_CONVERSION = YES;
				CLANG_WARN_COMMA = YES;
				CLANG_WARN_CONSTANT_CONVERSION = YES;
				CLANG_WARN_DEPRECATED_OBJC_IMPLEMENTATIONS = YES;
				CLANG_WARN_DIRECT_OBJC_ISA_USAGE = YES_ERROR;
				CLANG_WARN_DOCUMENTATION_COMMENTS = YES;
				CLANG_WARN_EMPTY_BODY = YES;
				CLANG_WARN_ENUM_CONVERSION = YES;
				CLANG_WARN_INFINITE_RECURSION = YES;
				CLANG_WARN_INT_CONVERSION = YES;
				CLANG_WARN_NON_LITERAL_NULL_CONVERSION = YES;
				CLANG_WARN_OBJC_IMPLICIT_RETAIN_SELF = YES;
				CLANG_WARN_OBJC_LITERAL_CONVERSION = YES;
				CLANG_WARN_OBJC_ROOT_CLASS = YES_ERROR;
				CLANG_WARN_QUOTED_INCLUDE_IN_FRAMEWORK_HEADER = YES;
				CLANG_WARN_RANGE_LOOP_ANALYSIS = YES;
				CLANG_WARN_STRICT_PROTOTYPES = YES;
				CLANG_WARN_SUSPICIOUS_MOVE = YES;
				CLANG_WARN_UNGUARDED_AVAILABILITY = YES_AGGRESSIVE;
				CLANG_WARN_UNREACHABLE_CODE = YES;
				CLANG_WARN__DUPLICATE_METHOD_MATCH = YES;
				COPY_PHASE_STRIP = NO;
				DEBUG_INFORMATION_FORMAT = "dwarf-with-dsym";
				ENABLE_NS_ASSERTIONS = NO;
				ENABLE_STRICT_OBJC_MSGSEND = YES;
				GCC_C_LANGUAGE_STANDARD = gnu11;
				GCC_NO_COMMON_BLOCKS = YES;
				GCC_WARN_64_TO_32_BIT_CONVERSION = YES;
				GCC_WARN_ABOUT_RETURN_TYPE = YES_ERROR;
				GCC_WARN_UNDECLARED_SELECTOR = YES;
				GCC_WARN_UNINITIALIZED_AUTOS = YES_AGGRESSIVE;
				GCC_WARN_UNUSED_FUNCTION = YES;
				GCC_WARN_UNUSED_VARIABLE = YES;
				IPHONEOS_DEPLOYMENT_TARGET = 16.0;
				MTL_ENABLE_DEBUG_INFO = NO;
				MTL_FAST_MATH = YES;
				SDKROOT = iphoneos;
				SWIFT_COMPILATION_MODE = wholemodule;
				SWIFT_OPTIMIZATION_LEVEL = "-O";
				VALIDATE_PRODUCT = YES;
			};
			name = Release;
		};
		99382BF2292F115800D9C99E /* Debug */ = {
			isa = XCBuildConfiguration;
			buildSettings = {
				ASSETCATALOG_COMPILER_APPICON_NAME = AppIcon;
				ASSETCATALOG_COMPILER_GLOBAL_ACCENT_COLOR_NAME = AccentColor;
				CODE_SIGN_STYLE = Automatic;
				CURRENT_PROJECT_VERSION = 2;
				DEVELOPMENT_TEAM = 7Y74F655Y8;
				GENERATE_INFOPLIST_FILE = YES;
				INFOPLIST_FILE = Pet/Info.plist;
				INFOPLIST_KEY_CFBundleDisplayName = HeyPet;
				INFOPLIST_KEY_UIApplicationSupportsIndirectInputEvents = YES;
				INFOPLIST_KEY_UILaunchStoryboardName = LaunchScreen;
				INFOPLIST_KEY_UIMainStoryboardFile = Main;
				INFOPLIST_KEY_UISupportedInterfaceOrientations = UIInterfaceOrientationPortrait;
				LD_RUNPATH_SEARCH_PATHS = (
					"$(inherited)",
					"@executable_path/Frameworks",
				);
				MARKETING_VERSION = 1.0;
				PRODUCT_BUNDLE_IDENTIFIER = "by-dev.GabiNamie.Pet";
				PRODUCT_NAME = "$(TARGET_NAME)";
				SUPPORTED_PLATFORMS = "iphoneos iphonesimulator";
				SUPPORTS_MACCATALYST = NO;
				SUPPORTS_MAC_DESIGNED_FOR_IPHONE_IPAD = YES;
				SWIFT_EMIT_LOC_STRINGS = YES;
				SWIFT_VERSION = 5.0;
				TARGETED_DEVICE_FAMILY = 1;
			};
			name = Debug;
		};
		99382BF3292F115800D9C99E /* Release */ = {
			isa = XCBuildConfiguration;
			buildSettings = {
				ASSETCATALOG_COMPILER_APPICON_NAME = AppIcon;
				ASSETCATALOG_COMPILER_GLOBAL_ACCENT_COLOR_NAME = AccentColor;
				CODE_SIGN_STYLE = Automatic;
				CURRENT_PROJECT_VERSION = 2;
				DEVELOPMENT_TEAM = 7Y74F655Y8;
				GENERATE_INFOPLIST_FILE = YES;
				INFOPLIST_FILE = Pet/Info.plist;
				INFOPLIST_KEY_CFBundleDisplayName = HeyPet;
				INFOPLIST_KEY_UIApplicationSupportsIndirectInputEvents = YES;
				INFOPLIST_KEY_UILaunchStoryboardName = LaunchScreen;
				INFOPLIST_KEY_UIMainStoryboardFile = Main;
				INFOPLIST_KEY_UISupportedInterfaceOrientations = UIInterfaceOrientationPortrait;
				LD_RUNPATH_SEARCH_PATHS = (
					"$(inherited)",
					"@executable_path/Frameworks",
				);
				MARKETING_VERSION = 1.0;
				PRODUCT_BUNDLE_IDENTIFIER = "by-dev.GabiNamie.Pet";
				PRODUCT_NAME = "$(TARGET_NAME)";
				SUPPORTED_PLATFORMS = "iphoneos iphonesimulator";
				SUPPORTS_MACCATALYST = NO;
				SUPPORTS_MAC_DESIGNED_FOR_IPHONE_IPAD = YES;
				SWIFT_EMIT_LOC_STRINGS = YES;
				SWIFT_VERSION = 5.0;
				TARGETED_DEVICE_FAMILY = 1;
			};
			name = Release;
		};
/* End XCBuildConfiguration section */

/* Begin XCConfigurationList section */
		99382BD8292F115700D9C99E /* Build configuration list for PBXProject "Pet" */ = {
			isa = XCConfigurationList;
			buildConfigurations = (
				99382BEF292F115800D9C99E /* Debug */,
				99382BF0292F115800D9C99E /* Release */,
			);
			defaultConfigurationIsVisible = 0;
			defaultConfigurationName = Release;
		};
		99382BF1292F115800D9C99E /* Build configuration list for PBXNativeTarget "Pet" */ = {
			isa = XCConfigurationList;
			buildConfigurations = (
				99382BF2292F115800D9C99E /* Debug */,
				99382BF3292F115800D9C99E /* Release */,
			);
			defaultConfigurationIsVisible = 0;
			defaultConfigurationName = Release;
		};
/* End XCConfigurationList section */
	};
	rootObject = 99382BD5292F115700D9C99E /* Project object */;
}
